# Public provenance contract for optional private A.R.K. package injection.
# This file contains no private source or credentials.
ARK_GENESIS_REPOSITORY=Superman08091992/ARK_GENESIS
ARK_GENESIS_COMMIT=3240c08822a13ed6344bf7f92e08cb76575ec892
ARK_GENESIS_PACKAGES="ark-runtime ark-services ark-ui"
ARK_RUNTIME_ROOT=/opt/ark
